
Microsoft Visual Studio Solution File, Format Version 12.00
# Visual Studio 2013
VisualStudioVersion = 12.0.40629.0
MinimumVisualStudioVersion = 10.0.40219.1
Project("{FAE04EC0-301F-11D3-BF4B-00C04F79EFBC}") = "HelloWorld", "HelloWorld\HelloWorld.csproj", "{9086A41B-10FC-47D2-B80F-7CEABCB74C80}"
EndProject
Project("{FAE04EC0-301F-11D3-BF4B-00C04F79EFBC}") = "ConsoleApplication1", "ConsoleApplication1\ConsoleApplication1.csproj", "{6E7866E8-D896-4C84-8321-00610C4EC253}"
EndProject
Project("{FAE04EC0-301F-11D3-BF4B-00C04F79EFBC}") = "lang52aconsole", "lang52aconsole\lang52aconsole.csproj", "{7615B20A-AAD0-43FD-9DD0-F885C68567A8}"
EndProject
Project("{FAE04EC0-301F-11D3-BF4B-00C04F79EFBC}") = "lang54bConsole", "lang54bConsole\lang54bConsole.csproj", "{E67C3DC3-3EC1-44EF-952F-1C46B95ECC2F}"
EndProject
Project("{FAE04EC0-301F-11D3-BF4B-00C04F79EFBC}") = "favclubConsole", "favclubConsole\favclubConsole.csproj", "{7BA80F81-4F94-45D9-B2DE-82414C22AF85}"
EndProject
Project("{FAE04EC0-301F-11D3-BF4B-00C04F79EFBC}") = "yournameConsole", "yournameConsole\yournameConsole.csproj", "{D8F68DDB-B680-4493-BCEE-448D1FEFD3EF}"
EndProject
Global
	GlobalSection(SolutionConfigurationPlatforms) = preSolution
		Debug|Any CPU = Debug|Any CPU
		Release|Any CPU = Release|Any CPU
	EndGlobalSection
	GlobalSection(ProjectConfigurationPlatforms) = postSolution
		{9086A41B-10FC-47D2-B80F-7CEABCB74C80}.Debug|Any CPU.ActiveCfg = Debug|Any CPU
		{9086A41B-10FC-47D2-B80F-7CEABCB74C80}.Debug|Any CPU.Build.0 = Debug|Any CPU
		{9086A41B-10FC-47D2-B80F-7CEABCB74C80}.Release|Any CPU.ActiveCfg = Release|Any CPU
		{9086A41B-10FC-47D2-B80F-7CEABCB74C80}.Release|Any CPU.Build.0 = Release|Any CPU
		{6E7866E8-D896-4C84-8321-00610C4EC253}.Debug|Any CPU.ActiveCfg = Debug|Any CPU
		{6E7866E8-D896-4C84-8321-00610C4EC253}.Debug|Any CPU.Build.0 = Debug|Any CPU
		{6E7866E8-D896-4C84-8321-00610C4EC253}.Release|Any CPU.ActiveCfg = Release|Any CPU
		{6E7866E8-D896-4C84-8321-00610C4EC253}.Release|Any CPU.Build.0 = Release|Any CPU
		{7615B20A-AAD0-43FD-9DD0-F885C68567A8}.Debug|Any CPU.ActiveCfg = Debug|Any CPU
		{7615B20A-AAD0-43FD-9DD0-F885C68567A8}.Debug|Any CPU.Build.0 = Debug|Any CPU
		{7615B20A-AAD0-43FD-9DD0-F885C68567A8}.Release|Any CPU.ActiveCfg = Release|Any CPU
		{7615B20A-AAD0-43FD-9DD0-F885C68567A8}.Release|Any CPU.Build.0 = Release|Any CPU
		{E67C3DC3-3EC1-44EF-952F-1C46B95ECC2F}.Debug|Any CPU.ActiveCfg = Debug|Any CPU
		{E67C3DC3-3EC1-44EF-952F-1C46B95ECC2F}.Debug|Any CPU.Build.0 = Debug|Any CPU
		{E67C3DC3-3EC1-44EF-952F-1C46B95ECC2F}.Release|Any CPU.ActiveCfg = Release|Any CPU
		{E67C3DC3-3EC1-44EF-952F-1C46B95ECC2F}.Release|Any CPU.Build.0 = Release|Any CPU
		{7BA80F81-4F94-45D9-B2DE-82414C22AF85}.Debug|Any CPU.ActiveCfg = Debug|Any CPU
		{7BA80F81-4F94-45D9-B2DE-82414C22AF85}.Debug|Any CPU.Build.0 = Debug|Any CPU
		{7BA80F81-4F94-45D9-B2DE-82414C22AF85}.Release|Any CPU.ActiveCfg = Release|Any CPU
		{7BA80F81-4F94-45D9-B2DE-82414C22AF85}.Release|Any CPU.Build.0 = Release|Any CPU
		{D8F68DDB-B680-4493-BCEE-448D1FEFD3EF}.Debug|Any CPU.ActiveCfg = Debug|Any CPU
		{D8F68DDB-B680-4493-BCEE-448D1FEFD3EF}.Debug|Any CPU.Build.0 = Debug|Any CPU
		{D8F68DDB-B680-4493-BCEE-448D1FEFD3EF}.Release|Any CPU.ActiveCfg = Release|Any CPU
		{D8F68DDB-B680-4493-BCEE-448D1FEFD3EF}.Release|Any CPU.Build.0 = Release|Any CPU
	EndGlobalSection
	GlobalSection(SolutionProperties) = preSolution
		HideSolutionNode = FALSE
	EndGlobalSection
EndGlobal
